<?xml version="1.0" encoding="UTF-8"?>
<CONFIG>
  <ProjectOptions>
    <Version Value="9"/>
    <PathDelim Value="\"/>
    <General>
      <Flags>
        <MainUnitHasCreateFormStatements Value="False"/>
        <MainUnitHasTitleStatement Value="False"/>
        <LRSInOutputDirectory Value="False"/>
      </Flags>
      <MainUnit Value="0"/>
      <UseAppBundle Value="False"/>
      <ResourceType Value="res"/>
    </General>
    <i18n>
      <EnableI18N LFM="False"/>
    </i18n>
    <VersionInfo>
      <StringTable ProductVersion=""/>
    </VersionInfo>
    <BuildModes Count="2" Active="Release">
      <Item1 Name="Release" Default="True"/>
      <Item2 Name="Debug">
        <CompilerOptions>
          <Version Value="11"/>
          <PathDelim Value="\"/>
          <Target>
            <Filename Value="Bin\deskew"/>
          </Target>
          <SearchPaths>
            <IncludeFiles Value="Imaging;$(ProjOutDir)"/>
            <Libraries Value="Imaging\LibTiff\Compiled"/>
            <OtherUnitFiles Value="Imaging;Imaging\ZLib;Imaging\JpegLib;Imaging\LibTiff"/>
            <UnitOutputDirectory Value="dcu\$(TargetCPU)-$(TargetOS)"/>
          </SearchPaths>
          <Parsing>
            <SyntaxOptions>
              <SyntaxMode Value="Delphi"/>
              <IncludeAssertionCode Value="True"/>
            </SyntaxOptions>
          </Parsing>
          <CodeGeneration>
            <Checks>
              <IOChecks Value="True"/>
              <StackChecks Value="True"/>
            </Checks>
            <TargetCPU Value="x86_64"/>
            <TargetOS Value="win64"/>
            <Optimizations>
              <OptimizationLevel Value="0"/>
            </Optimizations>
          </CodeGeneration>
          <Linking>
            <Debugging>
              <UseHeaptrc Value="True"/>
            </Debugging>
          </Linking>
          <Other>
            <CustomOptions Value="-dDEBUG"/>
          </Other>
        </CompilerOptions>
      </Item2>
    </BuildModes>
    <PublishOptions>
      <Version Value="2"/>
      <IncludeFileFilter Value="*.(pas|pp|inc|lfm|lpr|lrs|lpi|lpk|sh|xml)"/>
      <ExcludeFileFilter Value="*.(bak|ppu|o|so);*~;backup"/>
    </PublishOptions>
    <RunParams>
      <local>
        <FormatVersion Value="1"/>
        <CommandLineParams Value="-b ff8000 -s stp -t a  ..\TestImages\5.png"/>
      </local>
    </RunParams>
    <Units Count="25">
      <Unit0>
        <Filename Value="deskew.lpr"/>
        <IsPartOfProject Value="True"/>
        <CursorPos X="60" Y="24"/>
        <UsageCount Value="293"/>
        <Loaded Value="True"/>
        <DefaultSyntaxHighlighter Value="Delphi"/>
      </Unit0>
      <Unit1>
        <Filename Value="RotationDetector.pas"/>
        <IsPartOfProject Value="True"/>
        <EditorIndex Value="1"/>
        <TopLine Value="6"/>
        <CursorPos X="12" Y="205"/>
        <UsageCount Value="293"/>
        <Loaded Value="True"/>
        <DefaultSyntaxHighlighter Value="Delphi"/>
      </Unit1>
      <Unit2>
        <Filename Value="CmdLineOptions.pas"/>
        <IsPartOfProject Value="True"/>
        <EditorIndex Value="8"/>
        <TopLine Value="88"/>
        <CursorPos X="10" Y="106"/>
        <UsageCount Value="293"/>
        <Loaded Value="True"/>
        <DefaultSyntaxHighlighter Value="Delphi"/>
      </Unit2>
      <Unit3>
        <Filename Value="ImageUtils.pas"/>
        <IsPartOfProject Value="True"/>
        <EditorIndex Value="2"/>
        <TopLine Value="208"/>
        <CursorPos X="7" Y="224"/>
        <FoldState Value=" T3iQ0{3Q"/>
        <UsageCount Value="293"/>
        <Loaded Value="True"/>
        <DefaultSyntaxHighlighter Value="Delphi"/>
      </Unit3>
      <Unit4>
        <Filename Value="MainUnit.pas"/>
        <IsPartOfProject Value="True"/>
        <IsVisibleTab Value="True"/>
        <EditorIndex Value="6"/>
        <TopLine Value="36"/>
        <CursorPos X="27" Y="50"/>
        <UsageCount Value="293"/>
        <Loaded Value="True"/>
        <DefaultSyntaxHighlighter Value="Delphi"/>
      </Unit4>
      <Unit5>
        <Filename Value="Imaging\Imaging.pas"/>
        <EditorIndex Value="4"/>
        <TopLine Value="3039"/>
        <CursorPos X="22" Y="3061"/>
        <UsageCount Value="124"/>
        <Loaded Value="True"/>
        <DefaultSyntaxHighlighter Value="Delphi"/>
      </Unit5>
      <Unit6>
        <Filename Value="Imaging\ImagingUtility.pas"/>
        <EditorIndex Value="7"/>
        <TopLine Value="1197"/>
        <CursorPos Y="1236"/>
        <UsageCount Value="145"/>
        <Loaded Value="True"/>
        <DefaultSyntaxHighlighter Value="Delphi"/>
      </Unit6>
      <Unit7>
        <Filename Value="Imaging\ImagingOptions.inc"/>
        <EditorIndex Value="-1"/>
        <TopLine Value="23"/>
        <CursorPos X="24" Y="134"/>
        <UsageCount Value="134"/>
        <DefaultSyntaxHighlighter Value="Delphi"/>
      </Unit7>
      <Unit8>
        <Filename Value="Imaging\LibTiff\LibTiffDelphi.pas"/>
        <EditorIndex Value="-1"/>
        <TopLine Value="954"/>
        <CursorPos Y="970"/>
        <UsageCount Value="133"/>
        <DefaultSyntaxHighlighter Value="Delphi"/>
      </Unit8>
      <Unit9>
        <Filename Value="Imaging\LibTiff\LibDelphi.pas"/>
        <EditorIndex Value="-1"/>
        <CursorPos Y="17"/>
        <UsageCount Value="132"/>
        <DefaultSyntaxHighlighter Value="Delphi"/>
      </Unit9>
      <Unit10>
        <Filename Value="Imaging\LibTiff\ImagingLibTiff.pas"/>
        <TopLine Value="242"/>
        <CursorPos X="15" Y="261"/>
        <UsageCount Value="112"/>
        <DefaultSyntaxHighlighter Value="Delphi"/>
      </Unit10>
      <Unit11>
        <Filename Value="Imaging\LibTiff\LibTiffDynLib.pas"/>
        <EditorIndex Value="-1"/>
        <TopLine Value="19"/>
        <CursorPos X="25" Y="28"/>
        <UsageCount Value="111"/>
        <DefaultSyntaxHighlighter Value="Delphi"/>
      </Unit11>
      <Unit12>
        <Filename Value="Imaging\ImagingJpeg.pas"/>
        <EditorIndex Value="-1"/>
        <TopLine Value="506"/>
        <CursorPos X="23" Y="520"/>
        <UsageCount Value="112"/>
        <DefaultSyntaxHighlighter Value="Delphi"/>
      </Unit12>
      <Unit13>
        <Filename Value="Imaging\JpegLib\imjdhuff.pas"/>
        <TopLine Value="1154"/>
        <CursorPos X="115" Y="1166"/>
        <UsageCount Value="103"/>
        <DefaultSyntaxHighlighter Value="Delphi"/>
      </Unit13>
      <Unit14>
        <Filename Value="Imaging\LibTiff\LibJpegDelphi.pas"/>
        <EditorIndex Value="-1"/>
        <CursorPos X="62" Y="22"/>
        <UsageCount Value="107"/>
        <DefaultSyntaxHighlighter Value="Delphi"/>
      </Unit14>
      <Unit15>
        <Filename Value="Imaging\LibTiff\ImagingTiffLib.pas"/>
        <EditorIndex Value="-1"/>
        <TopLine Value="211"/>
        <CursorPos X="22" Y="218"/>
        <UsageCount Value="2"/>
        <DefaultSyntaxHighlighter Value="Delphi"/>
      </Unit15>
      <Unit16>
        <Filename Value="c:\Programs\Lazarus144\fpc\2.6.4\source\rtl\objpas\math.pp"/>
        <EditorIndex Value="-1"/>
        <TopLine Value="10"/>
        <CursorPos X="10" Y="79"/>
        <UsageCount Value="3"/>
        <DefaultSyntaxHighlighter Value="Delphi"/>
      </Unit16>
      <Unit17>
        <Filename Value="..\..\Libs\Imaging\Source\ImagingUtility.pas"/>
        <EditorIndex Value="-1"/>
        <TopLine Value="1602"/>
        <CursorPos X="35" Y="1617"/>
        <UsageCount Value="26"/>
        <DefaultSyntaxHighlighter Value="Delphi"/>
      </Unit17>
      <Unit18>
        <Filename Value="Imaging\ImagingTypes.pas"/>
        <EditorIndex Value="3"/>
        <TopLine Value="400"/>
        <CursorPos X="40" Y="350"/>
        <UsageCount Value="40"/>
        <Loaded Value="True"/>
        <DefaultSyntaxHighlighter Value="Delphi"/>
      </Unit18>
      <Unit19>
        <Filename Value="c:\Programs\Lazarus144\fpc\2.6.4\source\rtl\inc\objpash.inc"/>
        <EditorIndex Value="-1"/>
        <TopLine Value="166"/>
        <CursorPos X="23" Y="192"/>
        <UsageCount Value="4"/>
        <DefaultSyntaxHighlighter Value="Delphi"/>
      </Unit19>
      <Unit20>
        <Filename Value="Imaging\ImagingFormats.pas"/>
        <EditorIndex Value="5"/>
        <UsageCount Value="36"/>
        <Loaded Value="True"/>
        <DefaultSyntaxHighlighter Value="Delphi"/>
      </Unit20>
      <Unit21>
        <Filename Value="C:\Programs\Lazarus-144\fpc\2.6.4\source\rtl\objpas\sysutils\sysstrh.inc"/>
        <EditorIndex Value="-1"/>
        <TopLine Value="89"/>
        <CursorPos X="20" Y="115"/>
        <UsageCount Value="6"/>
      </Unit21>
      <Unit22>
        <Filename Value="E:\Downloads\ImgRotate.h"/>
        <EditorIndex Value="-1"/>
        <TopLine Value="553"/>
        <CursorPos X="10" Y="585"/>
        <UsageCount Value="33"/>
        <DefaultSyntaxHighlighter Value="C++"/>
      </Unit22>
      <Unit23>
        <Filename Value="C:\Programs\Lazarus-144\fpc\2.6.4\source\rtl\objpas\objpas.pp"/>
        <EditorIndex Value="-1"/>
        <TopLine Value="220"/>
        <CursorPos X="8" Y="28"/>
        <UsageCount Value="9"/>
      </Unit23>
      <Unit24>
        <Filename Value="Imaging\ImagingColors.pas"/>
        <EditorIndex Value="-1"/>
        <UsageCount Value="10"/>
        <DefaultSyntaxHighlighter Value="Delphi"/>
      </Unit24>
    </Units>
    <CustomDefines Count="1">
      <Define0 Value="DEBUG"/>
    </CustomDefines>
    <JumpHistory Count="30" HistoryIndex="29">
      <Position1>
        <Filename Value="Imaging\ImagingFormats.pas"/>
        <Caret Line="1086" Column="32" TopLine="1064"/>
      </Position1>
      <Position2>
        <Filename Value="Imaging\ImagingFormats.pas"/>
      </Position2>
      <Position3>
        <Filename Value="Imaging\ImagingFormats.pas"/>
        <Caret Line="1079" Column="24" TopLine="1039"/>
      </Position3>
      <Position4>
        <Filename Value="MainUnit.pas"/>
        <Caret Line="139" Column="3" TopLine="115"/>
      </Position4>
      <Position5>
        <Filename Value="MainUnit.pas"/>
        <Caret Line="199" Column="5" TopLine="174"/>
      </Position5>
      <Position6>
        <Filename Value="MainUnit.pas"/>
        <Caret Line="195" Column="12" TopLine="174"/>
      </Position6>
      <Position7>
        <Filename Value="ImageUtils.pas"/>
        <Caret Line="223" Column="18" TopLine="208"/>
      </Position7>
      <Position8>
        <Filename Value="ImageUtils.pas"/>
        <Caret Line="224" TopLine="208"/>
      </Position8>
      <Position9>
        <Filename Value="ImageUtils.pas"/>
        <Caret Line="225" TopLine="208"/>
      </Position9>
      <Position10>
        <Filename Value="ImageUtils.pas"/>
        <Caret Line="226" TopLine="208"/>
      </Position10>
      <Position11>
        <Filename Value="MainUnit.pas"/>
        <Caret Line="213" Column="9" TopLine="185"/>
      </Position11>
      <Position12>
        <Filename Value="MainUnit.pas"/>
        <Caret Line="227" TopLine="191"/>
      </Position12>
      <Position13>
        <Filename Value="MainUnit.pas"/>
        <Caret Line="192" Column="27" TopLine="184"/>
      </Position13>
      <Position14>
        <Filename Value="MainUnit.pas"/>
        <Caret Line="205" TopLine="184"/>
      </Position14>
      <Position15>
        <Filename Value="MainUnit.pas"/>
        <Caret Line="215" TopLine="184"/>
      </Position15>
      <Position16>
        <Filename Value="MainUnit.pas"/>
        <Caret Line="216" TopLine="184"/>
      </Position16>
      <Position17>
        <Filename Value="MainUnit.pas"/>
        <Caret Line="217" TopLine="184"/>
      </Position17>
      <Position18>
        <Filename Value="MainUnit.pas"/>
        <Caret Line="222" TopLine="184"/>
      </Position18>
      <Position19>
        <Filename Value="MainUnit.pas"/>
        <Caret Line="227" TopLine="185"/>
      </Position19>
      <Position20>
        <Filename Value="MainUnit.pas"/>
        <Caret Line="228" TopLine="186"/>
      </Position20>
      <Position21>
        <Filename Value="MainUnit.pas"/>
        <Caret Line="192" TopLine="184"/>
      </Position21>
      <Position22>
        <Filename Value="MainUnit.pas"/>
        <Caret Line="202" TopLine="184"/>
      </Position22>
      <Position23>
        <Filename Value="MainUnit.pas"/>
        <Caret Line="207" TopLine="184"/>
      </Position23>
      <Position24>
        <Filename Value="MainUnit.pas"/>
        <Caret Line="208" TopLine="187"/>
      </Position24>
      <Position25>
        <Filename Value="MainUnit.pas"/>
        <Caret Line="209" TopLine="187"/>
      </Position25>
      <Position26>
        <Filename Value="MainUnit.pas"/>
        <Caret Line="215" TopLine="190"/>
      </Position26>
      <Position27>
        <Filename Value="MainUnit.pas"/>
        <Caret Line="216" TopLine="190"/>
      </Position27>
      <Position28>
        <Filename Value="MainUnit.pas"/>
        <Caret Line="217" TopLine="190"/>
      </Position28>
      <Position29>
        <Filename Value="MainUnit.pas"/>
        <Caret Line="222" TopLine="190"/>
      </Position29>
      <Position30>
        <Filename Value="MainUnit.pas"/>
        <Caret Line="231" TopLine="190"/>
      </Position30>
    </JumpHistory>
  </ProjectOptions>
  <CompilerOptions>
    <Version Value="11"/>
    <PathDelim Value="\"/>
    <Target>
      <Filename Value="Bin\deskew"/>
    </Target>
    <SearchPaths>
      <IncludeFiles Value="Imaging;$(ProjOutDir)"/>
      <Libraries Value="Imaging\LibTiff\Compiled"/>
      <OtherUnitFiles Value="Imaging;Imaging\ZLib;Imaging\JpegLib;Imaging\LibTiff"/>
      <UnitOutputDirectory Value="dcu\$(TargetCPU)-$(TargetOS)"/>
    </SearchPaths>
    <Parsing>
      <SyntaxOptions>
        <SyntaxMode Value="Delphi"/>
      </SyntaxOptions>
    </Parsing>
    <CodeGeneration>
      <SmartLinkUnit Value="True"/>
      <TargetCPU Value="x86_64"/>
      <TargetOS Value="win64"/>
      <Optimizations>
        <OptimizationLevel Value="3"/>
        <VariablesInRegisters Value="True"/>
      </Optimizations>
    </CodeGeneration>
    <Linking>
      <Debugging>
        <GenerateDebugInfo Value="False"/>
      </Debugging>
      <LinkSmart Value="True"/>
    </Linking>
  </CompilerOptions>
  <Debugging>
    <BreakPoints Count="1">
      <Item1>
        <Kind Value="bpkSource"/>
        <WatchScope Value="wpsLocal"/>
        <WatchKind Value="wpkWrite"/>
        <Source Value="Imaging\LibTiff\ImagingLibTiff.pas"/>
        <Line Value="260"/>
      </Item1>
    </BreakPoints>
    <Watches Count="1">
      <Item1>
        <Expression Value="PixOldLeft"/>
        <DisplayStyle Value="wdfHex"/>
      </Item1>
    </Watches>
    <Exceptions Count="3">
      <Item1>
        <Name Value="EAbort"/>
      </Item1>
      <Item2>
        <Name Value="ECodetoolError"/>
      </Item2>
      <Item3>
        <Name Value="EFOpenError"/>
      </Item3>
    </Exceptions>
  </Debugging>
</CONFIG>
